
Microsoft Visual Studio Solution File, Format Version 12.00
# Visual Studio Version 16
VisualStudioVersion = 16.0.29709.97
MinimumVisualStudioVersion = 15.0.26124.0
Project("{9A19103F-16F7-4668-BE54-9A1E7A4F7556}") = "ApplicationApi", "ApplicationApi\ApplicationApi.csproj", "{77088170-E38D-42A1-9454-9573760A1FB0}"
EndProject
Project("{9A19103F-16F7-4668-BE54-9A1E7A4F7556}") = "ApplicationBusiness", "ApplicationBusiness\ApplicationBusiness.csproj", "{D8E7C557-3901-46FE-8D1D-8DE386204F07}"
EndProject
Global
	GlobalSection(SolutionConfigurationPlatforms) = preSolution
		Debug|Any CPU = Debug|Any CPU
		Debug|x64 = Debug|x64
		Debug|x86 = Debug|x86
		Release|Any CPU = Release|Any CPU
		Release|x64 = Release|x64
		Release|x86 = Release|x86
	EndGlobalSection
	GlobalSection(ProjectConfigurationPlatforms) = postSolution
		{77088170-E38D-42A1-9454-9573760A1FB0}.Debug|Any CPU.ActiveCfg = Debug|Any CPU
		{77088170-E38D-42A1-9454-9573760A1FB0}.Debug|Any CPU.Build.0 = Debug|Any CPU
		{77088170-E38D-42A1-9454-9573760A1FB0}.Debug|x64.ActiveCfg = Debug|Any CPU
		{77088170-E38D-42A1-9454-9573760A1FB0}.Debug|x64.Build.0 = Debug|Any CPU
		{77088170-E38D-42A1-9454-9573760A1FB0}.Debug|x86.ActiveCfg = Debug|Any CPU
		{77088170-E38D-42A1-9454-9573760A1FB0}.Debug|x86.Build.0 = Debug|Any CPU
		{77088170-E38D-42A1-9454-9573760A1FB0}.Release|Any CPU.ActiveCfg = Release|Any CPU
		{77088170-E38D-42A1-9454-9573760A1FB0}.Release|Any CPU.Build.0 = Release|Any CPU
		{77088170-E38D-42A1-9454-9573760A1FB0}.Release|x64.ActiveCfg = Release|Any CPU
		{77088170-E38D-42A1-9454-9573760A1FB0}.Release|x64.Build.0 = Release|Any CPU
		{77088170-E38D-42A1-9454-9573760A1FB0}.Release|x86.ActiveCfg = Release|Any CPU
		{77088170-E38D-42A1-9454-9573760A1FB0}.Release|x86.Build.0 = Release|Any CPU
		{D8E7C557-3901-46FE-8D1D-8DE386204F07}.Debug|Any CPU.ActiveCfg = Debug|Any CPU
		{D8E7C557-3901-46FE-8D1D-8DE386204F07}.Debug|Any CPU.Build.0 = Debug|Any CPU
		{D8E7C557-3901-46FE-8D1D-8DE386204F07}.Debug|x64.ActiveCfg = Debug|Any CPU
		{D8E7C557-3901-46FE-8D1D-8DE386204F07}.Debug|x64.Build.0 = Debug|Any CPU
		{D8E7C557-3901-46FE-8D1D-8DE386204F07}.Debug|x86.ActiveCfg = Debug|Any CPU
		{D8E7C557-3901-46FE-8D1D-8DE386204F07}.Debug|x86.Build.0 = Debug|Any CPU
		{D8E7C557-3901-46FE-8D1D-8DE386204F07}.Release|Any CPU.ActiveCfg = Release|Any CPU
		{D8E7C557-3901-46FE-8D1D-8DE386204F07}.Release|Any CPU.Build.0 = Release|Any CPU
		{D8E7C557-3901-46FE-8D1D-8DE386204F07}.Release|x64.ActiveCfg = Release|Any CPU
		{D8E7C557-3901-46FE-8D1D-8DE386204F07}.Release|x64.Build.0 = Release|Any CPU
		{D8E7C557-3901-46FE-8D1D-8DE386204F07}.Release|x86.ActiveCfg = Release|Any CPU
		{D8E7C557-3901-46FE-8D1D-8DE386204F07}.Release|x86.Build.0 = Release|Any CPU
	EndGlobalSection
	GlobalSection(SolutionProperties) = preSolution
		HideSolutionNode = FALSE
	EndGlobalSection
	GlobalSection(ExtensibilityGlobals) = postSolution
		SolutionGuid = {3401FC6D-4622-42CE-93E4-8BC1539BF1A4}
	EndGlobalSection
EndGlobal
